# This file is generated by running "yarn install" inside your project.
# Manual changes might be lost - proceed with caution!

__metadata:
  version: 5
  cacheKey: 8

"@babel/code-frame@npm:^7.0.0":
  version: 7.5.5
  resolution: "@babel/code-frame@npm:7.5.5"
  dependencies:
    "@babel/highlight": ^7.0.0
  checksum: b4cb24f103ac96451c02efad3c9118533ff4c4e105f2153870d715af0715633ac6c269d7b9473b0c491fc2a7ef02efd6a0817a173896aef6d7279b61139dec22
  languageName: node
  linkType: hard

"@babel/helper-validator-identifier@npm:^7.16.7":
  version: 7.16.7
  resolution: "@babel/helper-validator-identifier@npm:7.16.7"
  checksum: dbb3db9d184343152520a209b5684f5e0ed416109cde82b428ca9c759c29b10c7450657785a8b5c5256aa74acc6da491c1f0cf6b784939f7931ef82982051b69
  languageName: node
  linkType: hard

"@babel/highlight@npm:^7.0.0":
  version: 7.5.0
  resolution: "@babel/highlight@npm:7.5.0"
  dependencies:
    chalk: ^2.0.0
    esutils: ^2.0.2
    js-tokens: ^4.0.0
  checksum: 607ad0ae98515b948c92be206aaade063b08d76131714df21ac74202ef354ac3534488ee18ac01458a7ff19721beec73c016e04813243c52dcf32521e063fc56
  languageName: node
  linkType: hard

"@babel/parser@npm:^7.4.4":
  version: 7.6.0
  resolution: "@babel/parser@npm:7.6.0"
  bin:
    parser: ./bin/babel-parser.js
  checksum: 86096f43841f6d53d739b64ee0dff52e8c6eb64cccedd4cd42b0651658f7bf17295875183a3a4025b014035d0cd6973952f7c9fd4bf22e1f7889ee7eeee4a39e
  languageName: node
  linkType: hard

"@babel/types@npm:^7.8.3":
  version: 7.17.0
  resolution: "@babel/types@npm:7.17.0"
  dependencies:
    "@babel/helper-validator-identifier": ^7.16.7
    to-fast-properties: ^2.0.0
  checksum: 12e5a287986fe557188e87b2c5202223f1dc83d9239a196ab936fdb9f8c1eb0be717ff19f934b5fad4e29a75586d5798f74bed209bccea1c20376b9952056f0e
  languageName: node
  linkType: hard

"@types/estree@npm:0.0.39":
  version: 0.0.39
  resolution: "@types/estree@npm:0.0.39"
  checksum: 412fb5b9868f2c418126451821833414189b75cc6bf84361156feed733e3d92ec220b9d74a89e52722e03d5e241b2932732711b7497374a404fad49087adc248
  languageName: node
  linkType: hard

"@types/node@npm:*, @types/node@npm:^12.7.4":
  version: 12.7.5
  resolution: "@types/node@npm:12.7.5"
  checksum: a52e5caa3fbb4ee85c6b15de5b2ddfe20aafdbb0bb801690e48f54b59278d905b6d2acef5c4de3c7d5f100b88aeeacf491a5a491e92595496c82af9242052849
  languageName: node
  linkType: hard

"@types/resolve@npm:0.0.8":
  version: 0.0.8
  resolution: "@types/resolve@npm:0.0.8"
  dependencies:
    "@types/node": "*"
  checksum: f241bb773ab14b14500623ac3b57c52006ce32b20426b6d8bf2fe5fdc0344f42c77ac0f94ff57b443ae1d320a1a86c62b4e47239f0321699404402fbeb24bad6
  languageName: node
  linkType: hard

"acorn@npm:^7.0.0":
  version: 7.0.0
  resolution: "acorn@npm:7.0.0"
  bin:
    acorn: ./bin/acorn
  checksum: f1abc83f0a5537bdb705c509c33f64b56d9f3f778ce32aaedc7964efe24eec7eab61226e3a760a5b91e8dd5183737b813dbe1bb5afeb925f207b311cb7eee5c6
  languageName: node
  linkType: hard

"ansi-styles@npm:^3.2.1":
  version: 3.2.1
  resolution: "ansi-styles@npm:3.2.1"
  dependencies:
    color-convert: ^1.9.0
  checksum: d85ade01c10e5dd77b6c89f34ed7531da5830d2cb5882c645f330079975b716438cd7ebb81d0d6e6b4f9c577f19ae41ab55f07f19786b02f9dfd9e0377395665
  languageName: node
  linkType: hard

"argparse@npm:^1.0.7":
  version: 1.0.10
  resolution: "argparse@npm:1.0.10"
  dependencies:
    sprintf-js: ~1.0.2
  checksum: 7ca6e45583a28de7258e39e13d81e925cfa25d7d4aacbf806a382d3c02fcb13403a07fb8aeef949f10a7cfe4a62da0e2e807b348a5980554cc28ee573ef95945
  languageName: node
  linkType: hard

"balanced-match@npm:^1.0.0":
  version: 1.0.0
  resolution: "balanced-match@npm:1.0.0"
  checksum: 9b67bfe558772f40cf743a3469b48b286aecec2ea9fe80c48d74845e53aab1cef524fafedf123a63019b49ac397760573ef5f173f539423061f7217cbb5fbd40
  languageName: node
  linkType: hard

"bluebird@npm:^3.5.4":
  version: 3.5.5
  resolution: "bluebird@npm:3.5.5"
  checksum: 2e53b556a34e38999c5075b6fcec6aa46b2fb9ac2e6e60c406da6c677fb04f64cb2d7c9d0daacebe6a8afc99e65511b49df97d4a65dcb087804659f3b6a70d00
  languageName: node
  linkType: hard

"brace-expansion@npm:^1.1.7":
  version: 1.1.11
  resolution: "brace-expansion@npm:1.1.11"
  dependencies:
    balanced-match: ^1.0.0
    concat-map: 0.0.1
  checksum: faf34a7bb0c3fcf4b59c7808bc5d2a96a40988addf2e7e09dfbb67a2251800e0d14cd2bfc1aa79174f2f5095c54ff27f46fb1289fe2d77dac755b5eb3434cc07
  languageName: node
  linkType: hard

"buffer-from@npm:^1.0.0":
  version: 1.1.1
  resolution: "buffer-from@npm:1.1.1"
  checksum: ccc53b69736008bff764497367c4d24879ba7122bc619ee499ff47eef3a5b885ca496e87272e7ebffa0bec3804c83f84041c616f6e3318f40624e27c1d80f045
  languageName: node
  linkType: hard

"builtin-modules@npm:^3.1.0":
  version: 3.1.0
  resolution: "builtin-modules@npm:3.1.0"
  checksum: 954d8004f21961c92218eab15a02d3cea1c6c19312a8228546cdd8feae1dafc1aaa4746c2a8f9be9df15255756cc622fde702ce0ef8a319abfe1a505ca99f38d
  languageName: node
  linkType: hard

"catharsis@npm:^0.8.11":
  version: 0.8.11
  resolution: "catharsis@npm:0.8.11"
  dependencies:
    lodash: ^4.17.14
  checksum: 3da1c56846b2890123b66cc87ba637ea960faa8aeae7eccbd304a2ca92531de94481794dd19839521e3ba5ca6395d62447bd4a6b8a9cc1475a527af53797e44b
  languageName: node
  linkType: hard

"chalk@npm:^2.0.0":
  version: 2.4.2
  resolution: "chalk@npm:2.4.2"
  dependencies:
    ansi-styles: ^3.2.1
    escape-string-regexp: ^1.0.5
    supports-color: ^5.3.0
  checksum: ec3661d38fe77f681200f878edbd9448821924e0f93a9cefc0e26a33b145f1027a2084bf19967160d11e1f03bfe4eaffcabf5493b89098b2782c3fe0b03d80c2
  languageName: node
  linkType: hard

"color-convert@npm:^1.9.0":
  version: 1.9.3
  resolution: "color-convert@npm:1.9.3"
  dependencies:
    color-name: 1.1.3
  checksum: fd7a64a17cde98fb923b1dd05c5f2e6f7aefda1b60d67e8d449f9328b4e53b228a428fd38bfeaeb2db2ff6b6503a776a996150b80cdf224062af08a5c8a3a203
  languageName: node
  linkType: hard

"color-name@npm:1.1.3":
  version: 1.1.3
  resolution: "color-name@npm:1.1.3"
  checksum: 09c5d3e33d2105850153b14466501f2bfb30324a2f76568a408763a3b7433b0e50e5b4ab1947868e65cb101bb7cb75029553f2c333b6d4b8138a73fcc133d69d
  languageName: node
  linkType: hard

"commander@npm:^2.11.0, commander@npm:^2.20.0":
  version: 2.20.0
  resolution: "commander@npm:2.20.0"
  checksum: 7f7ad57277e7a42e6931c0016e57ee1c14c3d2cf88aeff53c0c4d995a1a90ba33aa8bbff1cde1f92578b495e85c23aac7964c8f06322b9667b8b6e9ff9ceeca8
  languageName: node
  linkType: hard

"concat-map@npm:0.0.1":
  version: 0.0.1
  resolution: "concat-map@npm:0.0.1"
  checksum: 902a9f5d8967a3e2faf138d5cb784b9979bad2e6db5357c5b21c568df4ebe62bcb15108af1b2253744844eb964fc023fbd9afbbbb6ddd0bcc204c6fb5b7bf3af
  languageName: node
  linkType: hard

"entities@npm:~1.1.1":
  version: 1.1.2
  resolution: "entities@npm:1.1.2"
  checksum: d537b02799bdd4784ffd714d000597ed168727bddf4885da887c5a491d735739029a00794f1998abbf35f3f6aeda32ef5c15010dca1817d401903a501b6d3e05
  languageName: node
  linkType: hard

"escape-string-regexp@npm:^1.0.5":
  version: 1.0.5
  resolution: "escape-string-regexp@npm:1.0.5"
  checksum: 6092fda75c63b110c706b6a9bfde8a612ad595b628f0bd2147eea1d3406723020810e591effc7db1da91d80a71a737a313567c5abb3813e8d9c71f4aa595b410
  languageName: node
  linkType: hard

"escape-string-regexp@npm:^2.0.0":
  version: 2.0.0
  resolution: "escape-string-regexp@npm:2.0.0"
  checksum: 9f8a2d5743677c16e85c810e3024d54f0c8dea6424fad3c79ef6666e81dd0846f7437f5e729dfcdac8981bc9e5294c39b4580814d114076b8d36318f46ae4395
  languageName: node
  linkType: hard

"estree-walker@npm:^0.6.1":
  version: 0.6.1
  resolution: "estree-walker@npm:0.6.1"
  checksum: 9d6f82a4921f11eec18f8089fb3cce6e53bcf45a8e545c42a2674d02d055fb30f25f90495f8be60803df6c39680c80dcee7f944526867eb7aa1fc9254883b23d
  languageName: node
  linkType: hard

"esutils@npm:^2.0.2":
  version: 2.0.3
  resolution: "esutils@npm:2.0.3"
  checksum: 22b5b08f74737379a840b8ed2036a5fb35826c709ab000683b092d9054e5c2a82c27818f12604bfc2a9a76b90b6834ef081edbc1c7ae30d1627012e067c6ec87
  languageName: node
  linkType: hard

"fit-curve@npm:^0.1.6":
  version: 0.1.6
  resolution: "fit-curve@npm:0.1.6"
  checksum: 9133184d5f29ce02d7756dbd151a6320e64868d2f38945a3960b854e950f43c1375d7d1edf4c0169bdba0fb05edcf776bb5ffc289abb4139f0ce7bbe5817d9ac
  languageName: node
  linkType: hard

"fork-me-github@npm:^1.2.0":
  version: 1.2.0
  resolution: "fork-me-github@npm:1.2.0"
  checksum: ec49e665912d89ffcbb328fba0a20b493642b37170015c7d23c3f57eed19d3d416d9a2ce56e20b60b4beb4a19250ad49113f92859a8d8bbf07aad9c3aec409f9
  languageName: node
  linkType: hard

"fs.realpath@npm:^1.0.0":
  version: 1.0.0
  resolution: "fs.realpath@npm:1.0.0"
  checksum: 99ddea01a7e75aa276c250a04eedeffe5662bce66c65c07164ad6264f9de18fb21be9433ead460e54cff20e31721c811f4fb5d70591799df5f85dce6d6746fd0
  languageName: node
  linkType: hard

"glob@npm:^7.1.2":
  version: 7.1.4
  resolution: "glob@npm:7.1.4"
  dependencies:
    fs.realpath: ^1.0.0
    inflight: ^1.0.4
    inherits: 2
    minimatch: ^3.0.4
    once: ^1.3.0
    path-is-absolute: ^1.0.0
  checksum: f52480fc82b1e66e52990f0f2e7306447d12294c83fbbee0395e761ad1178172012a7cc0673dbf4810baac400fc09bf34484c08b5778c216403fd823db281716
  languageName: node
  linkType: hard

"graceful-fs@npm:^4.1.9":
  version: 4.2.2
  resolution: "graceful-fs@npm:4.2.2"
  checksum: dc4c5062b68c435e5f6580b8e9b2553941712320a1becf46b1e792010ae15a9323738690415483019fa820fc3de6a7ac7c8e6d8604488874ba0c2dccac6521a5
  languageName: node
  linkType: hard

"has-flag@npm:^3.0.0":
  version: 3.0.0
  resolution: "has-flag@npm:3.0.0"
  checksum: 4a15638b454bf086c8148979aae044dd6e39d63904cd452d970374fa6a87623423da485dfb814e7be882e05c096a7ccf1ebd48e7e7501d0208d8384ff4dea73b
  languageName: node
  linkType: hard

"highlight.js@npm:^9.12.0":
  version: 9.15.10
  resolution: "highlight.js@npm:9.15.10"
  checksum: 5eb0cf9039c91f37759e584e0b02f62e316561d2b191518e5fe0be01a19aeaf358289c73603541e90fb64e5dba0ff010580d39122ba3b369c192d6b9bf2d4d4f
  languageName: node
  linkType: hard

"inflight@npm:^1.0.4":
  version: 1.0.6
  resolution: "inflight@npm:1.0.6"
  dependencies:
    once: ^1.3.0
    wrappy: 1
  checksum: f4f76aa072ce19fae87ce1ef7d221e709afb59d445e05d47fba710e85470923a75de35bfae47da6de1b18afc3ce83d70facf44cfb0aff89f0a3f45c0a0244dfd
  languageName: node
  linkType: hard

"inherits@npm:2":
  version: 2.0.4
  resolution: "inherits@npm:2.0.4"
  checksum: 4a48a733847879d6cf6691860a6b1e3f0f4754176e4d71494c41f3475553768b10f84b5ce1d40fbd0e34e6bfbb864ee35858ad4dd2cf31e02fc4a154b724d7f1
  languageName: node
  linkType: hard

"is-module@npm:^1.0.0":
  version: 1.0.0
  resolution: "is-module@npm:1.0.0"
  checksum: 8cd5390730c7976fb4e8546dd0b38865ee6f7bacfa08dfbb2cc07219606755f0b01709d9361e01f13009bbbd8099fa2927a8ed665118a6105d66e40f1b838c3f
  languageName: node
  linkType: hard

"is-reference@npm:^1.1.2":
  version: 1.1.3
  resolution: "is-reference@npm:1.1.3"
  dependencies:
    "@types/estree": 0.0.39
  checksum: 9698137f40415f5b5e7bff4d172a4405aeecb240051befc472d6bab46f5a9977f56bc635cd5f72f8626f45cbc970c8b6d1436376981df4f7e2b48c75c2ecea5a
  languageName: node
  linkType: hard

"jest-worker@npm:^24.6.0":
  version: 24.9.0
  resolution: "jest-worker@npm:24.9.0"
  dependencies:
    merge-stream: ^2.0.0
    supports-color: ^6.1.0
  checksum: bd23b6c8728dcf3bad0d84543ea1bc4a95ccd3b5a40f9e2796d527ab0e87dc6afa6c30cc7b67845dce1cfe7894753812d19793de605db1976b7ac08930671bff
  languageName: node
  linkType: hard

"js-tokens@npm:^4.0.0":
  version: 4.0.0
  resolution: "js-tokens@npm:4.0.0"
  checksum: 8a95213a5a77deb6cbe94d86340e8d9ace2b93bc367790b260101d2f36a2eaf4e4e22d9fa9cf459b38af3a32fb4190e638024cf82ec95ef708680e405ea7cc78
  languageName: node
  linkType: hard

"js2xmlparser@npm:^4.0.0":
  version: 4.0.0
  resolution: "js2xmlparser@npm:4.0.0"
  dependencies:
    xmlcreate: ^2.0.0
  checksum: 2f4558fd4d64da66405f388b20ca13ab92152e58b1fc734883336a251e7ecd77a353d87b62fed83a09f3c83f56dd08611e2f50381da0663f9a5dd2e0ae2bb418
  languageName: node
  linkType: hard

"jsdoc@npm:^3.6.3":
  version: 3.6.3
  resolution: "jsdoc@npm:3.6.3"
  dependencies:
    "@babel/parser": ^7.4.4
    bluebird: ^3.5.4
    catharsis: ^0.8.11
    escape-string-regexp: ^2.0.0
    js2xmlparser: ^4.0.0
    klaw: ^3.0.0
    markdown-it: ^8.4.2
    markdown-it-anchor: ^5.0.2
    marked: ^0.7.0
    mkdirp: ^0.5.1
    requizzle: ^0.2.3
    strip-json-comments: ^3.0.1
    taffydb: 2.6.2
    underscore: ~1.9.1
  bin:
    jsdoc: ./jsdoc.js
  checksum: 6ddf18868ec57311fb40a53306a6b07492814e57ca519b39ad541fbbdf421abc4da1887c8971efb5ffd7942a34871d6bbcbf8ab839910e0ac43fd31bd5468dd8
  languageName: node
  linkType: hard

"klaw@npm:^3.0.0":
  version: 3.0.0
  resolution: "klaw@npm:3.0.0"
  dependencies:
    graceful-fs: ^4.1.9
  checksum: 1bf9de22392c80d28de8a2babd6f0de29fa52fcdc1654838fd35174b3641c168ec32b8b03022191e3c190efd535c31fce23f85e29cb260245571da7263ef418e
  languageName: node
  linkType: hard

"linkify-it@npm:^2.0.0":
  version: 2.2.0
  resolution: "linkify-it@npm:2.2.0"
  dependencies:
    uc.micro: ^1.0.1
  checksum: d198871d0b3f3cfdb745dae564bfd6743474f20cd0ef1057e6ca29451834749e7f3da52b59b4de44e98f31a1e5c71bdad160490d4ae54de251cbcde57e4d7837
  languageName: node
  linkType: hard

"lodash@npm:^4.17.14":
  version: 4.17.15
  resolution: "lodash@npm:4.17.15"
  checksum: bb689bc88c0645b7002a045cdbe32292ae51d5d2a6f6a5272cb5a5ace9b06700bb3d30c6be6ecfae9a70f9c943f60e90765033fc7ff706cf9219374eeda314ad
  languageName: node
  linkType: hard

"magic-string@npm:^0.25.2":
  version: 0.25.3
  resolution: "magic-string@npm:0.25.3"
  dependencies:
    sourcemap-codec: ^1.4.4
  checksum: 21b4149f4465f3edbefae6e4a93eba8889396874fe49aa62fc24016571c803d6987e334f0a0bdbdeddde919d67469cfa59339e66b8aebac412cfbdc9d1cb16b1
  languageName: node
  linkType: hard

"markdown-api@npm:^1.1.3":
  version: 1.1.3
  resolution: "markdown-api@npm:1.1.3"
  dependencies:
    commander: ^2.11.0
    glob: ^7.1.2
  bin:
    markdown-api: ./markdown-api.js
  checksum: 32e6bca930c5f3df2831139468371f585c7672752661e549992439f11aaece3386d80d2e38d8eaea0b44c9f66263197f9b23ad4be1c9dee5bb3e0c5690e32ac2
  languageName: node
  linkType: hard

"markdown-it-anchor@npm:^5.0.2":
  version: 5.2.4
  resolution: "markdown-it-anchor@npm:5.2.4"
  peerDependencies:
    markdown-it: "*"
  checksum: cec78aa8f72ab229b6ec24deebe1f1571e1e77f11c902b61650a9cddac658ec5f6ab659ae2af201eeabedc2db2d9b0f61c5236e3c5d356d8a86c6efe713f4d19
  languageName: node
  linkType: hard

"markdown-it@npm:^8.4.2":
  version: 8.4.2
  resolution: "markdown-it@npm:8.4.2"
  dependencies:
    argparse: ^1.0.7
    entities: ~1.1.1
    linkify-it: ^2.0.0
    mdurl: ^1.0.1
    uc.micro: ^1.0.5
  bin:
    markdown-it: bin/markdown-it.js
  checksum: ad171466933d6ce33fcdddf32f641fc7ff238820a11397f07d45ab293e3fd6d83de14eaa59bfdc67dc4a715e73aa08bae9b2a38e44b119d7340d8ae691ca4b2d
  languageName: node
  linkType: hard

"marked@npm:^0.7.0":
  version: 0.7.0
  resolution: "marked@npm:0.7.0"
  bin:
    marked: ./bin/marked
  checksum: 5965e990ee0497aceae1b63c479ad614773331e255c7c9feb00120813574370d03e104d062f3c52ca4d96e7c4ff726ad8ca7ef2debe53728fb73975677b6878e
  languageName: node
  linkType: hard

"mdurl@npm:^1.0.1":
  version: 1.0.1
  resolution: "mdurl@npm:1.0.1"
  checksum: 71731ecba943926bfbf9f9b51e28b5945f9411c4eda80894221b47cc105afa43ba2da820732b436f0798fd3edbbffcd1fc1415843c41a87fea08a41cc1e3d02b
  languageName: node
  linkType: hard

"merge-stream@npm:^2.0.0":
  version: 2.0.0
  resolution: "merge-stream@npm:2.0.0"
  checksum: 6fa4dcc8d86629705cea944a4b88ef4cb0e07656ebf223fa287443256414283dd25d91c1cd84c77987f2aec5927af1a9db6085757cb43d90eb170ebf4b47f4f4
  languageName: node
  linkType: hard

"mime@npm:>=2.0.3":
  version: 2.4.4
  resolution: "mime@npm:2.4.4"
  bin:
    mime: cli.js
  checksum: a8dad06df1a55f56241789ed0bd0b8b42042bf9575b35ba4bbe3051352569511d191a882168f990b2d845ce41a77b0f48347f085344494874e86ed7969f3973b
  languageName: node
  linkType: hard

"minimatch@npm:^3.0.4":
  version: 3.0.4
  resolution: "minimatch@npm:3.0.4"
  dependencies:
    brace-expansion: ^1.1.7
  checksum: 66ac295f8a7b59788000ea3749938b0970344c841750abd96694f80269b926ebcafad3deeb3f1da2522978b119e6ae3a5869b63b13a7859a456b3408bd18a078
  languageName: node
  linkType: hard

"minimist@npm:0.0.8":
  version: 0.0.8
  resolution: "minimist@npm:0.0.8"
  checksum: 042f8b626b1fa44dffc23bac55771425ac4ee9d267b56f9064c07713e516e1799f3ba933bb628d2475a210caf7dcdb98161611baa1f0daf49309a944cb4bc48f
  languageName: node
  linkType: hard

"mkdirp@npm:^0.5.1":
  version: 0.5.1
  resolution: "mkdirp@npm:0.5.1"
  dependencies:
    minimist: 0.0.8
  bin:
    mkdirp: bin/cmd.js
  checksum: ed1ab49bb1d06c88dba7cfe930a3186f2605b5465aab7c8f24119baaba6e38f9ab4ac1695c68f476c65a48df2a69a8495049cd6e26c360ea082151a0771343d2
  languageName: node
  linkType: hard

"once@npm:^1.3.0":
  version: 1.4.0
  resolution: "once@npm:1.4.0"
  dependencies:
    wrappy: 1
  checksum: cd0a88501333edd640d95f0d2700fbde6bff20b3d4d9bdc521bdd31af0656b5706570d6c6afe532045a20bb8dc0849f8332d6f2a416e0ba6d3d3b98806c7db68
  languageName: node
  linkType: hard

"opener@npm:1":
  version: 1.5.1
  resolution: "opener@npm:1.5.1"
  bin:
    opener: bin/opener-bin.js
  checksum: d6bda549cbc1542200256bc5f7ddd4dd97ff1fa208b2c274fcd099869ce8358050c67526d259d091fca529a9220b46968e34709c5edd8dc42cce0c68e115535f
  languageName: node
  linkType: hard

"path-is-absolute@npm:^1.0.0":
  version: 1.0.1
  resolution: "path-is-absolute@npm:1.0.1"
  checksum: 060840f92cf8effa293bcc1bea81281bd7d363731d214cbe5c227df207c34cd727430f70c6037b5159c8a870b9157cba65e775446b0ab06fd5ecc7e54615a3b8
  languageName: node
  linkType: hard

"path-parse@npm:^1.0.6":
  version: 1.0.6
  resolution: "path-parse@npm:1.0.6"
  checksum: 962a85dd384d68d469ec5ba4010df8f8f9b7e936ce603bbe3211476c5615feb3c2b1ca61211a78445fadc833f0b1a86ea6484c861035ec4ac93011ba9aff9a11
  languageName: node
  linkType: hard

"requizzle@npm:^0.2.3":
  version: 0.2.3
  resolution: "requizzle@npm:0.2.3"
  dependencies:
    lodash: ^4.17.14
  checksum: b1b27c6ad16a2621d4cdb57cd44f01d302974df60f84f94b4d9d313dfe1d375e5b1a12f46010929fe508e83c40696a2105d38c1d1906c228500ac72b23a0d0c6
  languageName: node
  linkType: hard

"resolve@npm:^1.11.0, resolve@npm:^1.11.1":
  version: 1.12.0
  resolution: "resolve@npm:1.12.0"
  dependencies:
    path-parse: ^1.0.6
  checksum: 16582239c4b10b733bbc343b7d80b3438f59566c28d66741d9a92dbcc83a90d847b010ece58b006a5538b2fd23847ff91eb46ee9fccdf236b15b3152461434f4
  languageName: node
  linkType: hard

"resolve@patch:resolve@^1.11.0#~builtin<compat/resolve>, resolve@patch:resolve@^1.11.1#~builtin<compat/resolve>":
  version: 1.12.0
  resolution: "resolve@patch:resolve@npm%3A1.12.0#~builtin<compat/resolve>::version=1.12.0&hash=07638b"
  dependencies:
    path-parse: ^1.0.6
  checksum: 8a532655cc160961463214d2c2522fb4ea8808d13ff15cc48ab9c5193d302782a577c220481055e792fcc3b8a0df039251da903654780d5a7bb364b1f2e6861d
  languageName: node
  linkType: hard

"rollup-plugin-commonjs@npm:^10.1.0":
  version: 10.1.0
  resolution: "rollup-plugin-commonjs@npm:10.1.0"
  dependencies:
    estree-walker: ^0.6.1
    is-reference: ^1.1.2
    magic-string: ^0.25.2
    resolve: ^1.11.0
    rollup-pluginutils: ^2.8.1
  peerDependencies:
    rollup: ">=1.12.0"
  checksum: 396fc4d536e14dc6b5e62557370aaa5e0cd1b219b282783b8db5209341e8d8fa5d7b8f7190237e20d48ab0f400fb553b07d71080063ae2be17c793e4a61a6d4a
  languageName: node
  linkType: hard

"rollup-plugin-node-resolve@npm:^5.2.0":
  version: 5.2.0
  resolution: "rollup-plugin-node-resolve@npm:5.2.0"
  dependencies:
    "@types/resolve": 0.0.8
    builtin-modules: ^3.1.0
    is-module: ^1.0.0
    resolve: ^1.11.1
    rollup-pluginutils: ^2.8.1
  peerDependencies:
    rollup: ">=1.11.0"
  checksum: 29687721d2d4332d29042bf6a2d349ba44135dd28e242150b7c4ea02c3207e152f11022f40ede5b3722b32cfab9782c14000d5e2370f45bb2411a769a7c5eee1
  languageName: node
  linkType: hard

"rollup-plugin-serve@npm:^1.0.1":
  version: 1.0.1
  resolution: "rollup-plugin-serve@npm:1.0.1"
  dependencies:
    mime: ">=2.0.3"
    opener: 1
  checksum: f709b93813b9c9f85049ab7eb5ba128a61e4481afc49e245d080c1564ba6a83f33a07ccba13f5509c7cd777509c34f520d099e26f0c4d886b80de0b0f6a88a37
  languageName: node
  linkType: hard

"rollup-plugin-terser@npm:^5.1.2":
  version: 5.1.2
  resolution: "rollup-plugin-terser@npm:5.1.2"
  dependencies:
    "@babel/code-frame": ^7.0.0
    jest-worker: ^24.6.0
    rollup-pluginutils: ^2.8.1
    serialize-javascript: ^1.7.0
    terser: ^4.1.0
  peerDependencies:
    rollup: ">=0.66.0 <2"
  checksum: b90e773e5f2ac5bbd124ad64180f091c357c677e2c57cc997f6f82e6a53baf0264719e36c93401e576e0000066197d1dea777d5517b74803fcea4e380fa4516e
  languageName: node
  linkType: hard

"rollup-pluginutils@npm:^2.8.1":
  version: 2.8.2
  resolution: "rollup-pluginutils@npm:2.8.2"
  dependencies:
    estree-walker: ^0.6.1
  checksum: 339fdf866d8f4ff6e408fa274c0525412f7edb01dc46b5ccda51f575b7e0d20ad72965773376fb5db95a77a7fcfcab97bf841ec08dbadf5d6b08af02b7a2cf5e
  languageName: node
  linkType: hard

"rollup@npm:^1.21.2":
  version: 1.21.2
  resolution: "rollup@npm:1.21.2"
  dependencies:
    "@types/estree": 0.0.39
    "@types/node": ^12.7.4
    acorn: ^7.0.0
  bin:
    rollup: ./dist/bin/rollup
  checksum: ab370f0fd8c7df812b29f83a51db0b41fc0c3ae75330c6cdf611d275812b1f845e2d7017681175cc79a4664abdc87a0dcee03cd566a469bbf1752662410a3bde
  languageName: node
  linkType: hard

"serialize-javascript@npm:^1.7.0":
  version: 1.9.1
  resolution: "serialize-javascript@npm:1.9.1"
  checksum: a52ad24ce6ce3ece82ff294566a6929af1bf646345ac78a8a452832fa887db7bade7fcf95412241d207d119aff45e99fabf933f92e07574741c90258f2df3832
  languageName: node
  linkType: hard

"shape-points@workspace:.":
  version: 0.0.0-use.local
  resolution: "shape-points@workspace:."
  dependencies:
    fit-curve: ^0.1.6
    fork-me-github: ^1.2.0
    highlight.js: ^9.12.0
    jsdoc: ^3.6.3
    markdown-api: ^1.1.3
    rollup: ^1.21.2
    rollup-plugin-commonjs: ^10.1.0
    rollup-plugin-node-resolve: ^5.2.0
    rollup-plugin-serve: ^1.0.1
    rollup-plugin-terser: ^5.1.2
  languageName: unknown
  linkType: soft

"source-map-support@npm:~0.5.12":
  version: 0.5.13
  resolution: "source-map-support@npm:0.5.13"
  dependencies:
    buffer-from: ^1.0.0
    source-map: ^0.6.0
  checksum: 933550047b6c1a2328599a21d8b7666507427c0f5ef5eaadd56b5da0fd9505e239053c66fe181bf1df469a3b7af9d775778eee283cbb7ae16b902ddc09e93a97
  languageName: node
  linkType: hard

"source-map@npm:^0.6.0, source-map@npm:~0.6.1":
  version: 0.6.1
  resolution: "source-map@npm:0.6.1"
  checksum: 59ce8640cf3f3124f64ac289012c2b8bd377c238e316fb323ea22fbfe83da07d81e000071d7242cad7a23cd91c7de98e4df8830ec3f133cb6133a5f6e9f67bc2
  languageName: node
  linkType: hard

"sourcemap-codec@npm:^1.4.4":
  version: 1.4.6
  resolution: "sourcemap-codec@npm:1.4.6"
  checksum: c8797dbe3767e6741f0d65e740ea5e1f7cb23395d6311d9202b827de8f85b862e106450c888f25a06b2ba11c638b58c2bf71ea81eb597e6f35de568a425a6836
  languageName: node
  linkType: hard

"sprintf-js@npm:~1.0.2":
  version: 1.0.3
  resolution: "sprintf-js@npm:1.0.3"
  checksum: 19d79aec211f09b99ec3099b5b2ae2f6e9cdefe50bc91ac4c69144b6d3928a640bb6ae5b3def70c2e85a2c3d9f5ec2719921e3a59d3ca3ef4b2fd1a4656a0df3
  languageName: node
  linkType: hard

"strip-json-comments@npm:^3.0.1":
  version: 3.0.1
  resolution: "strip-json-comments@npm:3.0.1"
  checksum: 2b860124c04b9b4ac09ec63c17fea142c789ea99b30569240f63c91917c3a8fdc250fc799280bc80dbbad1cccbcfc5f662636f960f80ce660e230f770c3f3a95
  languageName: node
  linkType: hard

"supports-color@npm:^5.3.0":
  version: 5.5.0
  resolution: "supports-color@npm:5.5.0"
  dependencies:
    has-flag: ^3.0.0
  checksum: 95f6f4ba5afdf92f495b5a912d4abee8dcba766ae719b975c56c084f5004845f6f5a5f7769f52d53f40e21952a6d87411bafe34af4a01e65f9926002e38e1dac
  languageName: node
  linkType: hard

"supports-color@npm:^6.1.0":
  version: 6.1.0
  resolution: "supports-color@npm:6.1.0"
  dependencies:
    has-flag: ^3.0.0
  checksum: 74358f9535c83ee113fbaac354b11e808060f6e7d8722082ee43af3578469134e89d00026dce2a6b93ce4e5b89d0e9a10f638b2b9f64c7838c2fb2883a47b3d5
  languageName: node
  linkType: hard

"taffydb@npm:2.6.2":
  version: 2.6.2
  resolution: "taffydb@npm:2.6.2"
  checksum: 8fea9cdff71735a40320c4beeb80cb98837076cb89614bc55ac5d67561f35ebae158cfc07a193a1099b5e32746433b2c086b0cd6d56f29aa7c7678e74968335b
  languageName: node
  linkType: hard

"terser@npm:^4.1.0":
  version: 4.3.1
  resolution: "terser@npm:4.3.1"
  dependencies:
    commander: ^2.20.0
    source-map: ~0.6.1
    source-map-support: ~0.5.12
  bin:
    terser: bin/terser
  checksum: c289b75247c96cefaddb22028c5563630975d2a566dae7ce1f37b16881a6ca500f5b43f7df2ebfaaac310adc0cb242d3b1ee7715fab7112a364a20496f8804f2
  languageName: node
  linkType: hard

"to-fast-properties@npm:^2.0.0":
  version: 2.0.0
  resolution: "to-fast-properties@npm:2.0.0"
  checksum: be2de62fe58ead94e3e592680052683b1ec986c72d589e7b21e5697f8744cdbf48c266fa72f6c15932894c10187b5f54573a3bcf7da0bfd964d5caf23d436168
  languageName: node
  linkType: hard

"uc.micro@npm:^1.0.1, uc.micro@npm:^1.0.5":
  version: 1.0.6
  resolution: "uc.micro@npm:1.0.6"
  checksum: 6898bb556319a38e9cf175e3628689347bd26fec15fc6b29fa38e0045af63075ff3fea4cf1fdba9db46c9f0cbf07f2348cd8844889dd31ebd288c29fe0d27e7a
  languageName: node
  linkType: hard

"underscore@npm:~1.9.1":
  version: 1.9.1
  resolution: "underscore@npm:1.9.1"
  checksum: bee6f587661a6a9ca2f77e611896141e0287af51d8ca6034b11d0d4163ddbdd181a9720078ddbe94d265b7694f4880bc7f4c2ad260cfb8985ee2f9adcf13df03
  languageName: node
  linkType: hard

"wrappy@npm:1":
  version: 1.0.2
  resolution: "wrappy@npm:1.0.2"
  checksum: 159da4805f7e84a3d003d8841557196034155008f817172d4e986bd591f74aa82aa7db55929a54222309e01079a65a92a9e6414da5a6aa4b01ee44a511ac3ee5
  languageName: node
  linkType: hard

"xmlcreate@npm:^2.0.0":
  version: 2.0.1
  resolution: "xmlcreate@npm:2.0.1"
  checksum: 884c2788ed61855ae511ec9ea982bb58207ec12704445939c61d69a8074c96d7efb55b3eef892f56db0624ed2f7d249f675562ba2fc93b59439b94602a265842
  languageName: node
  linkType: hard
